
Microsoft Visual Studio Solution File, Format Version 12.00
# Visual Studio Version 17
VisualStudioVersion = 17.9.34728.123
MinimumVisualStudioVersion = 10.0.40219.1
Project("{FAE04EC0-301F-11D3-BF4B-00C04F79EFBC}") = "Ocelot", "Ocelot\Ocelot.csproj", "{11C057D1-C955-405F-8D8A-C8E29F2B9AA2}"
EndProject
Project("{FAE04EC0-301F-11D3-BF4B-00C04F79EFBC}") = "Ocelot.Test", "Ocelot.Test\Ocelot.Test.csproj", "{0E10D4FD-20EB-42A7-A8ED-B48E7CAAB563}"
EndProject
Project("{2150E333-8FDC-42A3-9474-1A3956D46DE8}") = "Solution Items", "Solution Items", "{72A43F65-EA30-4B89-AB30-ACDDFF35A46F}"
	ProjectSection(SolutionItems) = preProject
		README.md = README.md
	EndProjectSection
EndProject
Global
	GlobalSection(SolutionConfigurationPlatforms) = preSolution
		Debug|Any CPU = Debug|Any CPU
		Release|Any CPU = Release|Any CPU
	EndGlobalSection
	GlobalSection(ProjectConfigurationPlatforms) = postSolution
		{11C057D1-C955-405F-8D8A-C8E29F2B9AA2}.Debug|Any CPU.ActiveCfg = Debug|Any CPU
		{11C057D1-C955-405F-8D8A-C8E29F2B9AA2}.Debug|Any CPU.Build.0 = Debug|Any CPU
		{11C057D1-C955-405F-8D8A-C8E29F2B9AA2}.Release|Any CPU.ActiveCfg = Release|Any CPU
		{11C057D1-C955-405F-8D8A-C8E29F2B9AA2}.Release|Any CPU.Build.0 = Release|Any CPU
		{0E10D4FD-20EB-42A7-A8ED-B48E7CAAB563}.Debug|Any CPU.ActiveCfg = Debug|Any CPU
		{0E10D4FD-20EB-42A7-A8ED-B48E7CAAB563}.Debug|Any CPU.Build.0 = Debug|Any CPU
		{0E10D4FD-20EB-42A7-A8ED-B48E7CAAB563}.Release|Any CPU.ActiveCfg = Release|Any CPU
		{0E10D4FD-20EB-42A7-A8ED-B48E7CAAB563}.Release|Any CPU.Build.0 = Release|Any CPU
	EndGlobalSection
	GlobalSection(SolutionProperties) = preSolution
		HideSolutionNode = FALSE
	EndGlobalSection
	GlobalSection(ExtensibilityGlobals) = postSolution
		SolutionGuid = {CD1D4183-F992-4E9D-92B3-47A05C03A364}
	EndGlobalSection
EndGlobal
